
Microsoft Visual Studio Solution File, Format Version 12.00
# Visual Studio Version 17
VisualStudioVersion = 17.10.35004.147
MinimumVisualStudioVersion = 10.0.40219.1
Project("{FAE04EC0-301F-11D3-BF4B-00C04F79EFBC}") = "GiaiPhuongTrinhBacNhat", "GiaiPhuongTrinhBacNhat.csproj", "{FFE12453-08C8-4478-AA9A-39AB95C19204}"
EndProject
Global
	GlobalSection(SolutionConfigurationPlatforms) = preSolution
		Debug|Any CPU = Debug|Any CPU
		Release|Any CPU = Release|Any CPU
	EndGlobalSection
	GlobalSection(ProjectConfigurationPlatforms) = postSolution
		{FFE12453-08C8-4478-AA9A-39AB95C19204}.Debug|Any CPU.ActiveCfg = Debug|Any CPU
		{FFE12453-08C8-4478-AA9A-39AB95C19204}.Debug|Any CPU.Build.0 = Debug|Any CPU
		{FFE12453-08C8-4478-AA9A-39AB95C19204}.Release|Any CPU.ActiveCfg = Release|Any CPU
		{FFE12453-08C8-4478-AA9A-39AB95C19204}.Release|Any CPU.Build.0 = Release|Any CPU
	EndGlobalSection
	GlobalSection(SolutionProperties) = preSolution
		HideSolutionNode = FALSE
	EndGlobalSection
	GlobalSection(ExtensibilityGlobals) = postSolution
		SolutionGuid = {1CD93337-F11D-4FEB-880E-DAAED4C05309}
	EndGlobalSection
EndGlobal
